
Microsoft Visual Studio Solution File, Format Version 12.00
# Visual Studio Version 17
VisualStudioVersion = 17.0.32014.148
MinimumVisualStudioVersion = 10.0.40219.1
Project("{9A19103F-16F7-4668-BE54-9A1E7A4F7556}") = "UnitTests", "UnitTests\UnitTests.csproj", "{098AB90C-E79B-403B-A24C-AA3F6D85D2B2}"
EndProject
Project("{9A19103F-16F7-4668-BE54-9A1E7A4F7556}") = "Nick.RobotsParser", "Nick.RobotsParser\Nick.RobotsParser.csproj", "{5125D1EF-6709-4683-B9D4-E8DF518FFEA9}"
EndProject
Global
	GlobalSection(SolutionConfigurationPlatforms) = preSolution
		Debug|Any CPU = Debug|Any CPU
		Release|Any CPU = Release|Any CPU
	EndGlobalSection
	GlobalSection(ProjectConfigurationPlatforms) = postSolution
		{098AB90C-E79B-403B-A24C-AA3F6D85D2B2}.Debug|Any CPU.ActiveCfg = Debug|Any CPU
		{098AB90C-E79B-403B-A24C-AA3F6D85D2B2}.Debug|Any CPU.Build.0 = Debug|Any CPU
		{098AB90C-E79B-403B-A24C-AA3F6D85D2B2}.Release|Any CPU.ActiveCfg = Release|Any CPU
		{098AB90C-E79B-403B-A24C-AA3F6D85D2B2}.Release|Any CPU.Build.0 = Release|Any CPU
		{5125D1EF-6709-4683-B9D4-E8DF518FFEA9}.Debug|Any CPU.ActiveCfg = Debug|Any CPU
		{5125D1EF-6709-4683-B9D4-E8DF518FFEA9}.Debug|Any CPU.Build.0 = Debug|Any CPU
		{5125D1EF-6709-4683-B9D4-E8DF518FFEA9}.Release|Any CPU.ActiveCfg = Release|Any CPU
		{5125D1EF-6709-4683-B9D4-E8DF518FFEA9}.Release|Any CPU.Build.0 = Release|Any CPU
	EndGlobalSection
	GlobalSection(SolutionProperties) = preSolution
		HideSolutionNode = FALSE
	EndGlobalSection
	GlobalSection(ExtensibilityGlobals) = postSolution
		SolutionGuid = {5752D947-5693-4A26-9ECF-6F6878359555}
	EndGlobalSection
EndGlobal
