
Microsoft Visual Studio Solution File, Format Version 12.00
# Visual Studio 15
VisualStudioVersion = 15.0.26730.12
MinimumVisualStudioVersion = 10.0.40219.1
Project("{FAE04EC0-301F-11D3-BF4B-00C04F79EFBC}") = "RobotsSharpConsole", "RobotsSharpConsole.csproj", "{AB530C07-1546-4D56-923F-DCC5C7643316}"
EndProject
Project("{FAE04EC0-301F-11D3-BF4B-00C04F79EFBC}") = "RobotsSharpParser", "RobotsSharpParser\RobotsSharpParser.csproj", "{D18B4FBC-32CE-4B57-BFB4-054AA70EB476}"
EndProject
Global
	GlobalSection(SolutionConfigurationPlatforms) = preSolution
		Debug|Any CPU = Debug|Any CPU
		Release|Any CPU = Release|Any CPU
	EndGlobalSection
	GlobalSection(ProjectConfigurationPlatforms) = postSolution
		{AB530C07-1546-4D56-923F-DCC5C7643316}.Debug|Any CPU.ActiveCfg = Debug|Any CPU
		{AB530C07-1546-4D56-923F-DCC5C7643316}.Debug|Any CPU.Build.0 = Debug|Any CPU
		{AB530C07-1546-4D56-923F-DCC5C7643316}.Release|Any CPU.ActiveCfg = Release|Any CPU
		{AB530C07-1546-4D56-923F-DCC5C7643316}.Release|Any CPU.Build.0 = Release|Any CPU
		{D18B4FBC-32CE-4B57-BFB4-054AA70EB476}.Debug|Any CPU.ActiveCfg = Debug|Any CPU
		{D18B4FBC-32CE-4B57-BFB4-054AA70EB476}.Debug|Any CPU.Build.0 = Debug|Any CPU
		{D18B4FBC-32CE-4B57-BFB4-054AA70EB476}.Release|Any CPU.ActiveCfg = Release|Any CPU
		{D18B4FBC-32CE-4B57-BFB4-054AA70EB476}.Release|Any CPU.Build.0 = Release|Any CPU
	EndGlobalSection
	GlobalSection(SolutionProperties) = preSolution
		HideSolutionNode = FALSE
	EndGlobalSection
	GlobalSection(ExtensibilityGlobals) = postSolution
		SolutionGuid = {651BB5AC-B86D-4C0D-AC52-CE3F13945C14}
	EndGlobalSection
EndGlobal
